Microsoft Visual Studio Solution File, Format Version 12.00
# Visual Studio Version 17
VisualStudioVersion = 17.5.2.0
MinimumVisualStudioVersion = 10.0.40219.1
Project("{FAE04EC0-301F-11D3-BF4B-00C04F79EFBC}") = "TestHuskyApp", "TestHuskyApp\TestHuskyApp.csproj", "{60DAF55D-9333-7054-3463-264A0A88488C}"
EndProject
Global
	GlobalSection(SolutionConfigurationPlatforms) = preSolution
		Debug|Any CPU = Debug|Any CPU
		Release|Any CPU = Release|Any CPU
	EndGlobalSection
	GlobalSection(ProjectConfigurationPlatforms) = postSolution
		{60DAF55D-9333-7054-3463-264A0A88488C}.Debug|Any CPU.ActiveCfg = Debug|Any CPU
		{60DAF55D-9333-7054-3463-264A0A88488C}.Debug|Any CPU.Build.0 = Debug|Any CPU
		{60DAF55D-9333-7054-3463-264A0A88488C}.Release|Any CPU.ActiveCfg = Release|Any CPU
		{60DAF55D-9333-7054-3463-264A0A88488C}.Release|Any CPU.Build.0 = Release|Any CPU
	EndGlobalSection
	GlobalSection(SolutionProperties) = preSolution
		HideSolutionNode = FALSE
	EndGlobalSection
	GlobalSection(ExtensibilityGlobals) = postSolution
		SolutionGuid = {ADA2AD6F-E6BE-4348-99EB-5719ABBF9A42}
	EndGlobalSection
EndGlobal
